{
  "originHash": "bb93df265f85a1e272eefa0d6628a95762ad0c0fe53575b07c53917935896a49",
  "pins": [
    {
      "identity": "chatlayout",
      "kind": "remoteSourceControl",
      "location": "https://github.com/ekazaev/ChatLayout.git",
      "state": {
        "revision": "dd4cb5c8f91623331ba023d0ab64d844f8436204",
        "version": "2.5.2"
      }
    },
    {
      "identity": "dswaveformimage",
      "kind": "remoteSourceControl",
      "location": "https://github.com/dmrschmidt/DSWaveformImage.git",
      "state": {
        "revision": "00afb7930863b9cc3bd011389d601735e548093c",
        "version": "14.5.0"
      }
    },
    {
      "identity": "grdb.swift",
      "kind": "remoteSourceControl",
      "location": "https://github.com/groue/GRDB.swift.git",
      "state": {
        "revision": "18497b68fdbb3a09528d260a0a0e1e7e61c8c53d",
        "version": "7.8.0"
      }
    },
    {
      "identity": "highlightswift",
      "kind": "remoteSourceControl",
      "location": "https://github.com/appstefan/HighlightSwift.git",
      "state": {
        "revision": "784ca3ccfc8a2cf724fbb2f06cb6ec3329424da3",
        "version": "1.1.0"
      }
    },
    {
      "identity": "networkimage",
      "kind": "remoteSourceControl",
      "location": "https://github.com/gonzalezreal/NetworkImage",
      "state": {
        "revision": "2849f5323265386e200484b0d0f896e73c3411b9",
        "version": "6.0.1"
      }
    },
    {
      "identity": "nuke",
      "kind": "remoteSourceControl",
      "location": "https://github.com/kean/Nuke.git",
      "state": {
        "revision": "30f7a7e72e0607d304fbf69c799474bd5fb6d1ce",
        "version": "13.2.0"
      }
    },
    {
      "identity": "opencombine",
      "kind": "remoteSourceControl",
      "location": "https://github.com/OpenCombine/OpenCombine.git",
      "state": {
        "revision": "8576f0d579b27020beccbccc3ea6844f3ddfc2c2",
        "version": "0.14.0"
      }
    },
    {
      "identity": "phonenumberkit",
      "kind": "remoteSourceControl",
      "location": "https://github.com/PhoneNumberKit/PhoneNumberKit",
      "state": {
        "revision": "15c27dbf811e96b9fe48525389ffe042adb9f8cb",
        "version": "5.0.9"
      }
    },
    {
      "identity": "swift-asn1",
      "kind": "remoteSourceControl",
      "location": "https://github.com/apple/swift-asn1.git",
      "state": {
        "revision": "3b6410f7dee09eb33cdd26260c5fd47fda19b0e2",
        "version": "1.7.3"
      }
    },
    {
      "identity": "swift-cmark",
      "kind": "remoteSourceControl",
      "location": "https://github.com/swiftlang/swift-cmark",
      "state": {
        "revision": "08ddb528923cc1a6527e02b7a1aee9e516ca749a",
        "version": "0.9.0"
      }
    },
    {
      "identity": "swift-crypto",
      "kind": "remoteSourceControl",
      "location": "https://github.com/apple/swift-crypto.git",
      "state": {
        "revision": "a9d1d5ab8951ada40cafff8c8e2b551dfde4f390",
        "version": "5.0.0"
      }
    },
    {
      "identity": "swift-markdown-ui",
      "kind": "remoteSourceControl",
      "location": "https://github.com/gonzalezreal/swift-markdown-ui.git",
      "state": {
        "revision": "5f613358148239d0292c0cef674a3c2314737f9e",
        "version": "2.4.1"
      }
    },
    {
      "identity": "swift-syntax",
      "kind": "remoteSourceControl",
      "location": "https://github.com/swiftlang/swift-syntax.git",
      "state": {
        "revision": "4799286537280063c85a32f09884cfbca301b1a1",
        "version": "602.0.0"
      }
    },
    {
      "identity": "webrtc",
      "kind": "remoteSourceControl",
      "location": "https://github.com/stasel/WebRTC.git",
      "state": {
        "revision": "1d04692697cb642bfebf6ad2dd99fe52649c3d6d",
        "version": "152.0.0"
      }
    }
  ],
  "version": 3
}
