// !$*UTF8*$!
{ archiveVersion = 1; classes = {}; objectVersion = 56; objects = {
A71800000000000000000001 = { isa = PBXFileReference; lastKnownFileType = sourcecode.swift; path = "NanocodexInbox/AttachmentLibrarySheet.swift"; sourceTree = SOURCE_ROOT; };
A71800000000000000000002 = { isa = PBXBuildFile; fileRef = A71800000000000000000001; };
A71700000000000000000001 = { isa = PBXFileReference; lastKnownFileType = sourcecode.swift; path = "NanocodexInboxUITests/ModelSelectorUITests.swift"; sourceTree = SOURCE_ROOT; };
A71700000000000000000002 = { isa = PBXBuildFile; fileRef = A71700000000000000000001; };
A99C00000000000000000001 = { isa = PBXFileReference; lastKnownFileType = sourcecode.swift; path = "NanocodexInbox/MemoriesView.swift"; sourceTree = SOURCE_ROOT; };
A99C00000000000000000002 = { isa = PBXBuildFile; fileRef = A99C00000000000000000001; };
A99A00000000000000000001 = { isa = PBXFileReference; lastKnownFileType = sourcecode.swift; path = "NanocodexInbox/GeneratedAppsView.swift"; sourceTree = SOURCE_ROOT; };
A99A00000000000000000002 = { isa = PBXBuildFile; fileRef = A99A00000000000000000001; };
A99B00000000000000000001 = { isa = XCLocalSwiftPackageReference; relativePath = NanocodexApps; };
A99B00000000000000000002 = { isa = XCSwiftPackageProductDependency; package = A99B00000000000000000001; productName = NanocodexApps; };
A99B00000000000000000003 = { isa = PBXBuildFile; productRef = A99B00000000000000000002; };
AB0599999999999999990001 = { isa = PBXFileReference; lastKnownFileType = net.daringfireball.markdown; path = MOBILE_DEPENDENCY_NOTICES.md; sourceTree = SOURCE_ROOT; };
AB0599999999999999990002 = { isa = PBXBuildFile; fileRef = AB0599999999999999990001; };

AB0600000000000000010001 = { isa = XCRemoteSwiftPackageReference; repositoryURL = "https://github.com/ekazaev/ChatLayout.git"; requirement = { kind = exactVersion; version = 2.5.2; }; };
AB0600000000000000010002 = { isa = XCSwiftPackageProductDependency; package = AB0600000000000000010001; productName = ChatLayout; };
AB0600000000000000010003 = { isa = PBXBuildFile; productRef = AB0600000000000000010002; };
AB0500000000000000030001 = { isa = XCRemoteSwiftPackageReference; repositoryURL = "https://github.com/dmrschmidt/DSWaveformImage.git"; requirement = { kind = exactVersion; version = 14.5.0; }; };
AB0500000000000000030002 = { isa = XCSwiftPackageProductDependency; package = AB0500000000000000030001; productName = DSWaveformImageViews; };
AB0500000000000000030003 = { isa = PBXBuildFile; productRef = AB0500000000000000030002; };
F0E100000000000000000001 = { isa = PBXFileReference; lastKnownFileType = sourcecode.swift; path = "NanocodexInbox/TodoWorkspace.swift"; sourceTree = SOURCE_ROOT; };
F0E100000000000000000002 = { isa = PBXBuildFile; fileRef = F0E100000000000000000001; };
F0E100000000000000000003 = { isa = PBXFileReference; lastKnownFileType = sourcecode.swift; path = "NanocodexInbox/TodoMailView.swift"; sourceTree = SOURCE_ROOT; };
F0E100000000000000000004 = { isa = PBXBuildFile; fileRef = F0E100000000000000000003; };
C2A000000000000000000001 = { isa = PBXFileReference; lastKnownFileType = sourcecode.swift; path = "NanocodexInbox/CRMView.swift"; sourceTree = SOURCE_ROOT; };
C2A000000000000000000002 = { isa = PBXBuildFile; fileRef = C2A000000000000000000001; };
F0D000000000000000000001 = { isa = PBXFileReference; lastKnownFileType = sourcecode.swift; path = "NanocodexInbox/TodoBoardView.swift"; sourceTree = SOURCE_ROOT; };
F0D000000000000000000002 = { isa = PBXBuildFile; fileRef = F0D000000000000000000001; };
A71400000000000000000001 = { isa = PBXFileReference; lastKnownFileType = sourcecode.swift; path = "NanocodexInbox/NativeConversationTranscript.swift"; sourceTree = SOURCE_ROOT; };
A71400000000000000000002 = { isa = PBXBuildFile; fileRef = A71400000000000000000001; };
A71300000000000000000001 = { isa = PBXFileReference; lastKnownFileType = sourcecode.swift; path = "NanocodexInbox/DevicePermissionsView.swift"; sourceTree = SOURCE_ROOT; };
A71300000000000000000002 = { isa = PBXBuildFile; fileRef = A71300000000000000000001; };
A71500000000000000000001 = { isa = PBXFileReference; lastKnownFileType = sourcecode.swift; path = "Shared/MeetingLockedIntents.swift"; sourceTree = SOURCE_ROOT; };
A71500000000000000000002 = { isa = PBXBuildFile; fileRef = A71500000000000000000001; };
A71500000000000000000003 = { isa = PBXBuildFile; fileRef = A71500000000000000000001; };
A71500000000000000000004 = { isa = PBXFileReference; lastKnownFileType = sourcecode.swift; path = "NanocodexInbox/MeetingLockedCoordinator.swift"; sourceTree = SOURCE_ROOT; };
A71500000000000000000005 = { isa = PBXBuildFile; fileRef = A71500000000000000000004; };
A71500000000000000000006 = { isa = PBXFileReference; lastKnownFileType = sourcecode.swift; path = "NanocodexWidgets/MeetingWidgets.swift"; sourceTree = SOURCE_ROOT; };
A71500000000000000000007 = { isa = PBXBuildFile; fileRef = A71500000000000000000006; };
A71200000000000000000001 = { isa = PBXFileReference; lastKnownFileType = sourcecode.swift; path = "Shared/LockedVoiceIntents.swift"; sourceTree = SOURCE_ROOT; };
A71200000000000000000002 = { isa = PBXBuildFile; fileRef = A71200000000000000000001; };
A71200000000000000000003 = { isa = PBXBuildFile; fileRef = A71200000000000000000001; };
A71200000000000000000004 = { isa = PBXFileReference; lastKnownFileType = sourcecode.swift; path = "NanocodexInbox/LockedVoiceCoordinator.swift"; sourceTree = SOURCE_ROOT; };
A71200000000000000000005 = { isa = PBXBuildFile; fileRef = A71200000000000000000004; };

A71600000000000000000001 = { isa = PBXFileReference; lastKnownFileType = sourcecode.swift; path = "NanocodexInbox/MeetingsLibraryView.swift"; sourceTree = SOURCE_ROOT; };
A71600000000000000000002 = { isa = PBXBuildFile; fileRef = A71600000000000000000001; };
A71100000000000000000001 = { isa = PBXFileReference; lastKnownFileType = sourcecode.swift; path = "NanocodexInbox/QuickVoiceView.swift"; sourceTree = SOURCE_ROOT; };
A71100000000000000000002 = { isa = PBXBuildFile; fileRef = A71100000000000000000001; };
A71100000000000000000003 = { isa = PBXFileReference; lastKnownFileType = sourcecode.swift; path = "NanocodexInbox/MeetingRecorder.swift"; sourceTree = SOURCE_ROOT; };
A71100000000000000000004 = { isa = PBXBuildFile; fileRef = A71100000000000000000003; };
A71100000000000000000005 = { isa = PBXFileReference; lastKnownFileType = sourcecode.swift; path = "NanocodexInbox/MeetingView.swift"; sourceTree = SOURCE_ROOT; };
A71100000000000000000006 = { isa = PBXBuildFile; fileRef = A71100000000000000000005; };
A713C1000000000000000001 = { isa = PBXFileReference; lastKnownFileType = sourcecode.swift; path = "NanocodexInboxUITests/VoiceCloneUITests.swift"; sourceTree = SOURCE_ROOT; };
A713C1000000000000000002 = { isa = PBXBuildFile; fileRef = A713C1000000000000000001; };
53504F544946590000000003 = { isa = PBXFileReference; lastKnownFileType = sourcecode.swift; path = "NanocodexInboxUITests/SpotifyLoopbackUITests.swift"; sourceTree = SOURCE_ROOT; };
53504F544946590000000004 = { isa = PBXBuildFile; fileRef = 53504F544946590000000003; };
53504F544946590000000001 = { isa = PBXFileReference; lastKnownFileType = sourcecode.swift; path = "NanocodexInbox/SpotifyConnectionView.swift"; sourceTree = SOURCE_ROOT; };
53504F544946590000000002 = { isa = PBXBuildFile; fileRef = 53504F544946590000000001; };
F0CA00000000000000000001 = { isa = PBXFileReference; lastKnownFileType = file; path = "InboxCore/Tests/InboxCoreTests/Fixtures/VideoAudioCheck.mp4"; sourceTree = SOURCE_ROOT; };
F0CA00000000000000000002 = { isa = PBXBuildFile; fileRef = F0CA00000000000000000001; };
F0CA00000000000000000004 = { isa = PBXFileReference; lastKnownFileType = file; path = "NanocodexInboxUITests/fixtures/FrontiersMerchSample.mp4"; sourceTree = SOURCE_ROOT; };
F0CA00000000000000000005 = { isa = PBXBuildFile; fileRef = F0CA00000000000000000004; };
F0CA00000000000000000003 = { isa = PBXResourcesBuildPhase; buildActionMask = 2147483647; files = (F0CA00000000000000000002, F0CA00000000000000000005); runOnlyForDeploymentPostprocessing = 0; };
A71000000000000000000011 = { isa = PBXFileReference; lastKnownFileType = sourcecode.swift; path = "NanocodexInboxUITests/AgentNotificationUITests.swift"; sourceTree = SOURCE_ROOT; };
A71000000000000000000012 = { isa = PBXBuildFile; fileRef = A71000000000000000000011; };

A71000000000000000000001 = { isa = PBXFileReference; lastKnownFileType = sourcecode.swift; path = "NanocodexInbox/AgentNotificationController.swift"; sourceTree = SOURCE_ROOT; };
A71000000000000000000002 = { isa = PBXBuildFile; fileRef = A71000000000000000000001; };
A71000000000000000000003 = { isa = PBXFileReference; lastKnownFileType = sourcecode.swift; path = "NanocodexWidgets/AgentLiveActivity.swift"; sourceTree = SOURCE_ROOT; };
A71000000000000000000004 = { isa = PBXBuildFile; fileRef = A71000000000000000000003; };
A71000000000000000000005 = { isa = PBXFileReference; explicitFileType = "wrapper.app-extension"; path = NanocodexWidgets.appex; sourceTree = BUILT_PRODUCTS_DIR; };
A71000000000000000000006 = { isa = PBXBuildFile; fileRef = A71000000000000000000005; settings = { ATTRIBUTES = (RemoveHeadersOnCopy); }; };
A71000000000000000000007 = { isa = PBXSourcesBuildPhase; buildActionMask = 2147483647; files = (A71000000000000000000004, A71200000000000000000003, A71500000000000000000003, A71500000000000000000007); runOnlyForDeploymentPostprocessing = 0; };
A71000000000000000000008 = { isa = XCSwiftPackageProductDependency; package = 582681C2EAE02B3F3D399C0C; productName = InboxCore; };
A71000000000000000000009 = { isa = PBXBuildFile; productRef = A71000000000000000000008; };
A7100000000000000000000A = { isa = PBXFrameworksBuildPhase; buildActionMask = 2147483647; files = (A71000000000000000000009); runOnlyForDeploymentPostprocessing = 0; };
A7100000000000000000000B = { isa = PBXNativeTarget; buildConfigurationList = A7100000000000000000000E; buildPhases = (A71000000000000000000007, A7100000000000000000000A); buildRules = (); dependencies = (); name = NanocodexWidgets; productName = NanocodexWidgets; productReference = A71000000000000000000005; productType = "com.apple.product-type.app-extension"; packageProductDependencies = (A71000000000000000000008); };
A7100000000000000000000C = { isa = XCBuildConfiguration; name = Debug; buildSettings = { SWIFT_VERSION = 5.0; SDKROOT = iphoneos; SUPPORTED_PLATFORMS = "iphoneos iphonesimulator"; IPHONEOS_DEPLOYMENT_TARGET = 18.0; TARGETED_DEVICE_FAMILY = "1,2"; PRODUCT_NAME = "$(TARGET_NAME)"; PRODUCT_BUNDLE_IDENTIFIER = xyz.paradigm.centaur.widgets; INFOPLIST_FILE = NanocodexWidgets/Info.plist; GENERATE_INFOPLIST_FILE = YES; CODE_SIGN_STYLE = Automatic; DEVELOPMENT_TEAM = C3Q4NN5ZQ8; CURRENT_PROJECT_VERSION = 2; MARKETING_VERSION = 0.1.0; APPLICATION_EXTENSION_API_ONLY = YES; SWIFT_ACTIVE_COMPILATION_CONDITIONS = NANOCODEX_WIDGET_EXTENSION; SKIP_INSTALL = YES; SWIFT_OPTIMIZATION_LEVEL = "-Onone"; LD_RUNPATH_SEARCH_PATHS = ("$(inherited)", "@executable_path/Frameworks", "@executable_path/../../Frameworks"); }; };
A7100000000000000000000D = { isa = XCBuildConfiguration; name = Release; buildSettings = { SWIFT_VERSION = 5.0; SDKROOT = iphoneos; SUPPORTED_PLATFORMS = "iphoneos iphonesimulator"; IPHONEOS_DEPLOYMENT_TARGET = 18.0; TARGETED_DEVICE_FAMILY = "1,2"; PRODUCT_NAME = "$(TARGET_NAME)"; PRODUCT_BUNDLE_IDENTIFIER = xyz.paradigm.centaur.widgets; INFOPLIST_FILE = NanocodexWidgets/Info.plist; GENERATE_INFOPLIST_FILE = YES; CODE_SIGN_STYLE = Automatic; DEVELOPMENT_TEAM = C3Q4NN5ZQ8; CURRENT_PROJECT_VERSION = 2; MARKETING_VERSION = 0.1.0; APPLICATION_EXTENSION_API_ONLY = YES; SWIFT_ACTIVE_COMPILATION_CONDITIONS = NANOCODEX_WIDGET_EXTENSION; SKIP_INSTALL = YES; SWIFT_OPTIMIZATION_LEVEL = "-O"; LD_RUNPATH_SEARCH_PATHS = ("$(inherited)", "@executable_path/Frameworks", "@executable_path/../../Frameworks"); }; };
A7100000000000000000000E = { isa = XCConfigurationList; buildConfigurations = (A7100000000000000000000C, A7100000000000000000000D); defaultConfigurationIsVisible = 0; defaultConfigurationName = Release; };
A7100000000000000000000F = { isa = PBXContainerItemProxy; containerPortal = 98F54143AB4E86B28C3AFEE0; proxyType = 1; remoteGlobalIDString = A7100000000000000000000B; remoteInfo = NanocodexWidgets; };
A71000000000000000000010 = { isa = PBXTargetDependency; target = A7100000000000000000000B; targetProxy = A7100000000000000000000F; };

CE1000000000000000000001 = { isa = XCLocalSwiftPackageReference; relativePath = "NanocodexRemote"; };
CE1000000000000000000002 = { isa = XCSwiftPackageProductDependency; package = CE1000000000000000000001; productName = NanocodexRemote; };
CE1000000000000000000003 = { isa = PBXBuildFile; productRef = CE1000000000000000000002; };

EBA000000000000000000001 = { isa = PBXFileReference; lastKnownFileType = sourcecode.swift; path = "NanocodexInbox/HandTaskExecution.swift"; sourceTree = SOURCE_ROOT; };
EBA000000000000000000002 = { isa = PBXBuildFile; fileRef = EBA000000000000000000001; };
EBA000000000000000000003 = { isa = PBXFileReference; lastKnownFileType = sourcecode.swift; path = "NanocodexInbox/RunAgentTaskIntent.swift"; sourceTree = SOURCE_ROOT; };
EBA000000000000000000004 = { isa = PBXBuildFile; fileRef = EBA000000000000000000003; };
C20A00000000000000000001 = { isa = PBXFileReference; lastKnownFileType = sourcecode.swift; path = "NanocodexInbox/ScheduledJobsView.swift"; sourceTree = SOURCE_ROOT; };
C20A00000000000000000002 = { isa = PBXBuildFile; fileRef = C20A00000000000000000001; };
ACF1DE000000000000000001 = { isa = XCLocalSwiftPackageReference; relativePath = NanocodexUI; };
ACF1DE000000000000000002 = { isa = XCSwiftPackageProductDependency; package = ACF1DE000000000000000001; productName = NanocodexUI; };
ACF1DE000000000000000003 = { isa = PBXBuildFile; productRef = ACF1DE000000000000000002; };
F0CE00000000000000000001 = { isa = PBXFileReference; lastKnownFileType = folder.assetcatalog; path = "NanocodexInbox/Assets.xcassets"; sourceTree = SOURCE_ROOT; };
F0CE00000000000000000002 = { isa = PBXBuildFile; fileRef = F0CE00000000000000000001; platformFilters = (ios); };
C00000000000000000000019 = { isa = PBXFileReference; lastKnownFileType = sourcecode.javascript; path = "NanocodexShare/CaptureWebPage.js"; sourceTree = SOURCE_ROOT; };
C0000000000000000000001A = { isa = PBXBuildFile; fileRef = C00000000000000000000019; };
C0000000000000000000001B = { isa = PBXResourcesBuildPhase; buildActionMask = 2147483647; files = (C0000000000000000000001A); runOnlyForDeploymentPostprocessing = 0; };
C00000000000000000000017 = { isa = PBXFileReference; lastKnownFileType = sourcecode.swift; path = "NanocodexInboxUITests/ContextUITests.swift"; sourceTree = SOURCE_ROOT; };
C00000000000000000000018 = { isa = PBXBuildFile; fileRef = C00000000000000000000017; };
CE2000000000000000000001 = { isa = PBXFileReference; lastKnownFileType = sourcecode.swift; path = "NanocodexInboxUITests/RemoteScreenLifecycleUITests.swift"; sourceTree = SOURCE_ROOT; };
CE2000000000000000000002 = { isa = PBXBuildFile; fileRef = CE2000000000000000000001; };

C00000000000000000000001 = { isa = XCLocalSwiftPackageReference; relativePath = NanocodexContext; };
C00000000000000000000002 = { isa = XCSwiftPackageProductDependency; package = C00000000000000000000001; productName = NanocodexContext; };
C00000000000000000000003 = { isa = PBXBuildFile; productRef = C00000000000000000000002; };
C00000000000000000000004 = { isa = PBXFileReference; lastKnownFileType = sourcecode.swift; path = "NanocodexInbox/CaptureContextIntent.swift"; sourceTree = SOURCE_ROOT; };
C00000000000000000000005 = { isa = PBXBuildFile; fileRef = C00000000000000000000004; };
C00000000000000000000006 = { isa = PBXFileReference; lastKnownFileType = sourcecode.swift; path = "NanocodexInbox/ContextInboxView.swift"; sourceTree = SOURCE_ROOT; };
C00000000000000000000007 = { isa = PBXBuildFile; fileRef = C00000000000000000000006; };
C00000000000000000000008 = { isa = PBXFileReference; lastKnownFileType = sourcecode.swift; path = "NanocodexShare/ShareViewController.swift"; sourceTree = SOURCE_ROOT; };
C00000000000000000000009 = { isa = PBXBuildFile; fileRef = C00000000000000000000008; };
C0000000000000000000000A = { isa = PBXFileReference; explicitFileType = "wrapper.app-extension"; path = NanocodexShare.appex; sourceTree = BUILT_PRODUCTS_DIR; };
C0000000000000000000000B = { isa = PBXBuildFile; fileRef = C0000000000000000000000A; platformFilters = (ios); settings = { ATTRIBUTES = (RemoveHeadersOnCopy); }; };
C0000000000000000000000C = { isa = PBXCopyFilesBuildPhase; buildActionMask = 2147483647; dstPath = ""; dstSubfolderSpec = 13; files = (C0000000000000000000000B, A71000000000000000000006); name = "Embed App Extensions"; runOnlyForDeploymentPostprocessing = 0; };
C0000000000000000000000D = { isa = PBXSourcesBuildPhase; buildActionMask = 2147483647; files = (C00000000000000000000009); runOnlyForDeploymentPostprocessing = 0; };
C0000000000000000000000E = { isa = XCSwiftPackageProductDependency; package = C00000000000000000000001; productName = NanocodexContext; };
C0000000000000000000000F = { isa = PBXBuildFile; productRef = C0000000000000000000000E; };
C00000000000000000000010 = { isa = PBXFrameworksBuildPhase; buildActionMask = 2147483647; files = (C0000000000000000000000F); runOnlyForDeploymentPostprocessing = 0; };
C00000000000000000000011 = { isa = PBXNativeTarget; buildConfigurationList = C00000000000000000000014; buildPhases = (C0000000000000000000000D, C00000000000000000000010, C0000000000000000000001B); buildRules = (); dependencies = (); name = NanocodexShare; productName = NanocodexShare; productReference = C0000000000000000000000A; productType = "com.apple.product-type.app-extension"; packageProductDependencies = (C0000000000000000000000E); };
C00000000000000000000012 = { isa = XCBuildConfiguration; name = Debug; buildSettings = { SWIFT_VERSION = 5.0; SDKROOT = iphoneos; SUPPORTED_PLATFORMS = "iphoneos iphonesimulator"; IPHONEOS_DEPLOYMENT_TARGET = 18.0; TARGETED_DEVICE_FAMILY = "1,2"; PRODUCT_NAME = "$(TARGET_NAME)"; PRODUCT_BUNDLE_IDENTIFIER = xyz.paradigm.centaur.share; INFOPLIST_FILE = NanocodexShare/Info.plist; GENERATE_INFOPLIST_FILE = YES; CODE_SIGN_ENTITLEMENTS = NanocodexShare/NanocodexShare.entitlements; CODE_SIGN_STYLE = Automatic; DEVELOPMENT_TEAM = C3Q4NN5ZQ8; CURRENT_PROJECT_VERSION = 2; MARKETING_VERSION = 0.1.0; APPLICATION_EXTENSION_API_ONLY = YES; SWIFT_ACTIVE_COMPILATION_CONDITIONS = NANOCODEX_WIDGET_EXTENSION; SKIP_INSTALL = YES; SWIFT_OPTIMIZATION_LEVEL = "-Onone"; }; };
C00000000000000000000013 = { isa = XCBuildConfiguration; name = Release; buildSettings = { SWIFT_VERSION = 5.0; SDKROOT = iphoneos; SUPPORTED_PLATFORMS = "iphoneos iphonesimulator"; IPHONEOS_DEPLOYMENT_TARGET = 18.0; TARGETED_DEVICE_FAMILY = "1,2"; PRODUCT_NAME = "$(TARGET_NAME)"; PRODUCT_BUNDLE_IDENTIFIER = xyz.paradigm.centaur.share; INFOPLIST_FILE = NanocodexShare/Info.plist; GENERATE_INFOPLIST_FILE = YES; CODE_SIGN_ENTITLEMENTS = NanocodexShare/NanocodexShare.entitlements; CODE_SIGN_STYLE = Automatic; DEVELOPMENT_TEAM = C3Q4NN5ZQ8; CURRENT_PROJECT_VERSION = 2; MARKETING_VERSION = 0.1.0; APPLICATION_EXTENSION_API_ONLY = YES; SWIFT_ACTIVE_COMPILATION_CONDITIONS = NANOCODEX_WIDGET_EXTENSION; SKIP_INSTALL = YES; SWIFT_OPTIMIZATION_LEVEL = "-O"; }; };
C00000000000000000000014 = { isa = XCConfigurationList; buildConfigurations = (C00000000000000000000012, C00000000000000000000013); defaultConfigurationIsVisible = 0; defaultConfigurationName = Release; };
C00000000000000000000015 = { isa = PBXContainerItemProxy; containerPortal = 98F54143AB4E86B28C3AFEE0; proxyType = 1; remoteGlobalIDString = C00000000000000000000011; remoteInfo = NanocodexShare; };
C00000000000000000000016 = { isa = PBXTargetDependency; target = C00000000000000000000011; targetProxy = C00000000000000000000015; platformFilters = (ios); };

D00000000000000000000001 = { isa = XCLocalSwiftPackageReference; relativePath = NanocodexHand; };
D00000000000000000000002 = { isa = XCSwiftPackageProductDependency; package = D00000000000000000000001; productName = NanocodexHand; };
D00000000000000000000003 = { isa = PBXBuildFile; productRef = D00000000000000000000002; };
A33333333333333333333333 = { isa = XCLocalSwiftPackageReference; relativePath = NanocodexVoice; };
A44444444444444444444444 = { isa = XCSwiftPackageProductDependency; package = A33333333333333333333333; productName = NanocodexVoice; };
A55555555555555555555555 = { isa = PBXBuildFile; productRef = A44444444444444444444444; };
FB935952D4F9818DBD88EC79 = { isa = PBXFileReference; lastKnownFileType = sourcecode.swift; path = "NanocodexInbox/DemoContent.swift"; sourceTree = SOURCE_ROOT; };
27A28091EE3319AEC40C0FDC = { isa = PBXBuildFile; fileRef = FB935952D4F9818DBD88EC79; };
C011EC700000000000000001 = { isa = PBXFileReference; lastKnownFileType = sourcecode.swift; path = "NanocodexInbox/ConnectorsView.swift"; sourceTree = SOURCE_ROOT; };
C011EC700000000000000002 = { isa = PBXBuildFile; fileRef = C011EC700000000000000001; };
61B3D3A776C18C4B977C5274 = { isa = PBXFileReference; lastKnownFileType = sourcecode.swift; path = "NanocodexInbox/InboxModel.swift"; sourceTree = SOURCE_ROOT; };
253A65A3F07C9A402ACA2A3E = { isa = PBXBuildFile; fileRef = 61B3D3A776C18C4B977C5274; };
DD5E98E50EACCE3E6BC90CA5 = { isa = PBXFileReference; lastKnownFileType = sourcecode.swift; path = "NanocodexInbox/InboxView.swift"; sourceTree = SOURCE_ROOT; };
EAB19982E6994E35DEC8BEB9 = { isa = PBXBuildFile; fileRef = DD5E98E50EACCE3E6BC90CA5; };
E86E3E8EA9521C1217D7A640 = { isa = PBXFileReference; lastKnownFileType = sourcecode.swift; path = "NanocodexInbox/NanocodexInboxApp.swift"; sourceTree = SOURCE_ROOT; };
B4DB169ED735D4435DD49CCE = { isa = PBXBuildFile; fileRef = E86E3E8EA9521C1217D7A640; };
E05FCB614AB36FDEE72EE1F2 = { isa = PBXFileReference; lastKnownFileType = sourcecode.swift; path = "NanocodexInboxUITests/InboxUITests.swift"; sourceTree = SOURCE_ROOT; };
80FAC02A0BD5812E2A00F339 = { isa = PBXBuildFile; fileRef = E05FCB614AB36FDEE72EE1F2; };
38A007151ABE87CC01A5B6E9 = { isa = PBXFileReference; explicitFileType = wrapper.application; path = Nanocodex.app; sourceTree = BUILT_PRODUCTS_DIR; };
B7480EC88B7F22D0A4757273 = { isa = PBXFileReference; explicitFileType = wrapper.cfbundle; path = NanocodexInboxUITests.xctest; sourceTree = BUILT_PRODUCTS_DIR; };
FBDC4F23F93125BBEEAE800C = { isa = PBXGroup; name = Products; children = (A71000000000000000000005, C0000000000000000000000A, 38A007151ABE87CC01A5B6E9, B7480EC88B7F22D0A4757273); sourceTree = "<group>"; };
B28B7AF69320201D1CF206EB = { isa = PBXGroup; children = (A71800000000000000000001, A99C00000000000000000001, A71700000000000000000001, A99A00000000000000000001, A71600000000000000000001, A71500000000000000000001, A71500000000000000000004, A71500000000000000000006, A71200000000000000000001, A71200000000000000000004, A71100000000000000000001, A71100000000000000000003, A71100000000000000000005, A713C1000000000000000001, 53504F544946590000000003, 53504F544946590000000001, A71000000000000000000011, A71000000000000000000001, A71000000000000000000003, EBA000000000000000000001, EBA000000000000000000003, C20A00000000000000000001, C00000000000000000000019, F0CE00000000000000000001, C00000000000000000000017, CE2000000000000000000001, C00000000000000000000004, C00000000000000000000006, C00000000000000000000008, FB935952D4F9818DBD88EC79, C011EC700000000000000001, 61B3D3A776C18C4B977C5274, DD5E98E50EACCE3E6BC90CA5, C2A000000000000000000001, F0D000000000000000000001, F0E100000000000000000001, F0E100000000000000000003, E86E3E8EA9521C1217D7A640, E05FCB614AB36FDEE72EE1F2, FBDC4F23F93125BBEEAE800C); sourceTree = "<group>"; };
582681C2EAE02B3F3D399C0C = { isa = XCLocalSwiftPackageReference; relativePath = InboxCore; };
E55A8CC6397119BC2F346606 = { isa = XCSwiftPackageProductDependency; package = 582681C2EAE02B3F3D399C0C; productName = InboxCore; };
F178867DA2879CAE0F60630A = { isa = PBXBuildFile; productRef = E55A8CC6397119BC2F346606; };
BCE16DD0260827ECF338C787 = { isa = PBXSourcesBuildPhase; buildActionMask = 2147483647; files = (A71800000000000000000002, A99C00000000000000000002, A99A00000000000000000002, A71600000000000000000002, A71400000000000000000002, A71300000000000000000002, A71200000000000000000002, A71200000000000000000005, A71500000000000000000002, A71500000000000000000005, A71100000000000000000002, A71100000000000000000004, A71100000000000000000006, 53504F544946590000000002, A71000000000000000000002, EBA000000000000000000002, EBA000000000000000000004, C20A00000000000000000002, C00000000000000000000005, C00000000000000000000007, 27A28091EE3319AEC40C0FDC, C011EC700000000000000002, 253A65A3F07C9A402ACA2A3E, EAB19982E6994E35DEC8BEB9, C2A000000000000000000002, F0D000000000000000000002, F0E100000000000000000002, F0E100000000000000000004, B4DB169ED735D4435DD49CCE); runOnlyForDeploymentPostprocessing = 0; };
7561BFB015D8F536760CB671 = { isa = PBXFrameworksBuildPhase; buildActionMask = 2147483647; files = (A99B00000000000000000003, AB0600000000000000010003, AB0500000000000000030003, CE1000000000000000000003, ACF1DE000000000000000003, D00000000000000000000003, C00000000000000000000003, F178867DA2879CAE0F60630A, A55555555555555555555555); runOnlyForDeploymentPostprocessing = 0; };
0189424A5A60FED329FA868E = { isa = PBXResourcesBuildPhase; buildActionMask = 2147483647; files = (AB0599999999999999990002, F0CE00000000000000000002); runOnlyForDeploymentPostprocessing = 0; };
9F3002A5D69B22D357A58AA9 = { isa = PBXSourcesBuildPhase; buildActionMask = 2147483647; files = (A71700000000000000000002, A713C1000000000000000002, 53504F544946590000000004, A71000000000000000000012, C00000000000000000000018, CE2000000000000000000002, 80FAC02A0BD5812E2A00F339); runOnlyForDeploymentPostprocessing = 0; };
89E1FD6268CC0F221A2BE178 = { isa = XCBuildConfiguration; name = Debug; buildSettings = { SWIFT_VERSION = 5.0; CLANG_ENABLE_MODULES = YES; IPHONEOS_DEPLOYMENT_TARGET = 18.0; SDKROOT = iphoneos; SUPPORTED_PLATFORMS = "iphoneos iphonesimulator"; SUPPORTS_MACCATALYST = NO; SUPPORTS_MAC_DESIGNED_FOR_IPHONE_IPAD = NO; TARGETED_DEVICE_FAMILY = "1,2";  ONLY_ACTIVE_ARCH = YES; SWIFT_OPTIMIZATION_LEVEL = "-Onone"; SWIFT_ACTIVE_COMPILATION_CONDITIONS = DEBUG; ENABLE_TESTABILITY = YES; }; };
E6DE6C99132752C914FEF632 = { isa = XCBuildConfiguration; name = Release; buildSettings = { SWIFT_VERSION = 5.0; CLANG_ENABLE_MODULES = YES; IPHONEOS_DEPLOYMENT_TARGET = 18.0; SDKROOT = iphoneos; SUPPORTED_PLATFORMS = "iphoneos iphonesimulator"; SUPPORTS_MACCATALYST = NO; SUPPORTS_MAC_DESIGNED_FOR_IPHONE_IPAD = NO; TARGETED_DEVICE_FAMILY = "1,2";  SWIFT_OPTIMIZATION_LEVEL = "-O"; }; };
862894B703A6DEDF96A9DD6C = { isa = XCConfigurationList; buildConfigurations = (89E1FD6268CC0F221A2BE178, E6DE6C99132752C914FEF632); defaultConfigurationIsVisible = 0; defaultConfigurationName = Release; };
E9B2E96ABC5F6856F2BE79CF = { isa = XCBuildConfiguration; name = Debug; buildSettings = { "SWIFT_ACTIVE_COMPILATION_CONDITIONS[sdk=iphoneos27.*]" = "$(inherited) CENTAUR_APP_INTENTS_27"; "SWIFT_ACTIVE_COMPILATION_CONDITIONS[sdk=iphonesimulator27.*]" = "$(inherited) CENTAUR_APP_INTENTS_27"; SWIFT_VERSION = 5.0; CLANG_ENABLE_MODULES = YES; IPHONEOS_DEPLOYMENT_TARGET = 18.0; SDKROOT = iphoneos; SUPPORTED_PLATFORMS = "iphoneos iphonesimulator"; SUPPORTS_MACCATALYST = NO; SUPPORTS_MAC_DESIGNED_FOR_IPHONE_IPAD = NO; TARGETED_DEVICE_FAMILY = "1,2"; PRODUCT_NAME = Nanocodex; PRODUCT_MODULE_NAME = NanocodexInbox; PRODUCT_BUNDLE_IDENTIFIER = xyz.paradigm.centaur; LD_RUNPATH_SEARCH_PATHS = ("$(inherited)", "@executable_path/Frameworks", "@executable_path/../Frameworks"); GENERATE_INFOPLIST_FILE = YES; INFOPLIST_KEY_NSLocalNetworkUsageDescription = "Connect to your nearby Hands to view their screens and send touch or keyboard input."; CODE_SIGN_ENTITLEMENTS = NanocodexInbox/NanocodexInbox.iOS.entitlements; "INFOPLIST_FILE[sdk=iphoneos*]" = NanocodexInbox/Info.iOS.plist; "INFOPLIST_FILE[sdk=iphonesimulator*]" = NanocodexInbox/Info.iOS.plist; INFOPLIST_KEY_NSMicrophoneUsageDescription = "Record meeting transcripts, use voice conversations, or optionally send microphone audio to a remote computer you control."; INFOPLIST_KEY_CFBundleDisplayName = Nanocodex; "ASSETCATALOG_COMPILER_APPICON_NAME[sdk=iphoneos*]" = AppIcon; "ASSETCATALOG_COMPILER_APPICON_NAME[sdk=iphonesimulator*]" = AppIcon; INFOPLIST_KEY_LSApplicationCategoryType = "public.app-category.productivity"; INFOPLIST_KEY_UIApplicationSceneManifest_Generation = YES; INFOPLIST_KEY_UILaunchScreen_Generation = YES; INFOPLIST_KEY_UISupportedInterfaceOrientations_iPhone = "UIInterfaceOrientationPortrait UIInterfaceOrientationLandscapeLeft UIInterfaceOrientationLandscapeRight"; CODE_SIGN_STYLE = Automatic; DEVELOPMENT_TEAM = C3Q4NN5ZQ8; CURRENT_PROJECT_VERSION = 2; MARKETING_VERSION = 0.1.0; SWIFT_EMIT_LOC_STRINGS = YES; ENABLE_HARDENED_RUNTIME = YES; ONLY_ACTIVE_ARCH = YES; SWIFT_OPTIMIZATION_LEVEL = "-Onone"; SWIFT_ACTIVE_COMPILATION_CONDITIONS = DEBUG; ENABLE_TESTABILITY = YES; }; };
5A8C91857F674E16E2724F47 = { isa = XCBuildConfiguration; name = Release; buildSettings = { "SWIFT_ACTIVE_COMPILATION_CONDITIONS[sdk=iphoneos27.*]" = "$(inherited) CENTAUR_APP_INTENTS_27"; "SWIFT_ACTIVE_COMPILATION_CONDITIONS[sdk=iphonesimulator27.*]" = "$(inherited) CENTAUR_APP_INTENTS_27"; SWIFT_VERSION = 5.0; CLANG_ENABLE_MODULES = YES; IPHONEOS_DEPLOYMENT_TARGET = 18.0; SDKROOT = iphoneos; SUPPORTED_PLATFORMS = "iphoneos iphonesimulator"; SUPPORTS_MACCATALYST = NO; SUPPORTS_MAC_DESIGNED_FOR_IPHONE_IPAD = NO; TARGETED_DEVICE_FAMILY = "1,2"; PRODUCT_NAME = Nanocodex; PRODUCT_MODULE_NAME = NanocodexInbox; PRODUCT_BUNDLE_IDENTIFIER = xyz.paradigm.centaur; LD_RUNPATH_SEARCH_PATHS = ("$(inherited)", "@executable_path/Frameworks", "@executable_path/../Frameworks"); GENERATE_INFOPLIST_FILE = YES; INFOPLIST_KEY_NSLocalNetworkUsageDescription = "Connect to your nearby Hands to view their screens and send touch or keyboard input."; CODE_SIGN_ENTITLEMENTS = NanocodexInbox/NanocodexInbox.iOS.entitlements; "INFOPLIST_FILE[sdk=iphoneos*]" = NanocodexInbox/Info.iOS.plist; "INFOPLIST_FILE[sdk=iphonesimulator*]" = NanocodexInbox/Info.iOS.plist; INFOPLIST_KEY_NSMicrophoneUsageDescription = "Record meeting transcripts, use voice conversations, or optionally send microphone audio to a remote computer you control."; INFOPLIST_KEY_CFBundleDisplayName = Nanocodex; "ASSETCATALOG_COMPILER_APPICON_NAME[sdk=iphoneos*]" = AppIcon; "ASSETCATALOG_COMPILER_APPICON_NAME[sdk=iphonesimulator*]" = AppIcon; INFOPLIST_KEY_LSApplicationCategoryType = "public.app-category.productivity"; INFOPLIST_KEY_UIApplicationSceneManifest_Generation = YES; INFOPLIST_KEY_UILaunchScreen_Generation = YES; INFOPLIST_KEY_UISupportedInterfaceOrientations_iPhone = "UIInterfaceOrientationPortrait UIInterfaceOrientationLandscapeLeft UIInterfaceOrientationLandscapeRight"; CODE_SIGN_STYLE = Automatic; DEVELOPMENT_TEAM = C3Q4NN5ZQ8; CURRENT_PROJECT_VERSION = 2; MARKETING_VERSION = 0.1.0; SWIFT_EMIT_LOC_STRINGS = YES; ENABLE_HARDENED_RUNTIME = YES; SWIFT_OPTIMIZATION_LEVEL = "-O"; }; };
F37922C48DA5978D02C9E50E = { isa = XCConfigurationList; buildConfigurations = (E9B2E96ABC5F6856F2BE79CF, 5A8C91857F674E16E2724F47); defaultConfigurationIsVisible = 0; defaultConfigurationName = Release; };
FCB48D8F88BCDB0ED9FADFD7 = { isa = XCBuildConfiguration; name = Debug; buildSettings = { SWIFT_VERSION = 5.0; CLANG_ENABLE_MODULES = YES; IPHONEOS_DEPLOYMENT_TARGET = 18.0; SDKROOT = iphoneos; SUPPORTED_PLATFORMS = "iphoneos iphonesimulator"; SUPPORTS_MACCATALYST = NO; SUPPORTS_MAC_DESIGNED_FOR_IPHONE_IPAD = NO; TARGETED_DEVICE_FAMILY = "1,2"; PRODUCT_NAME = "$(TARGET_NAME)"; PRODUCT_BUNDLE_IDENTIFIER = xyz.paradigm.centaur.tests; GENERATE_INFOPLIST_FILE = YES; TEST_TARGET_NAME = NanocodexInbox; CODE_SIGN_STYLE = Automatic; DEVELOPMENT_TEAM = C3Q4NN5ZQ8; ONLY_ACTIVE_ARCH = YES; SWIFT_OPTIMIZATION_LEVEL = "-Onone"; SWIFT_ACTIVE_COMPILATION_CONDITIONS = DEBUG; ENABLE_TESTABILITY = YES; }; };
942EEBBACD6C88CAE7F29B29 = { isa = XCBuildConfiguration; name = Release; buildSettings = { SWIFT_VERSION = 5.0; CLANG_ENABLE_MODULES = YES; IPHONEOS_DEPLOYMENT_TARGET = 18.0; SDKROOT = iphoneos; SUPPORTED_PLATFORMS = "iphoneos iphonesimulator"; SUPPORTS_MACCATALYST = NO; SUPPORTS_MAC_DESIGNED_FOR_IPHONE_IPAD = NO; TARGETED_DEVICE_FAMILY = "1,2"; PRODUCT_NAME = "$(TARGET_NAME)"; PRODUCT_BUNDLE_IDENTIFIER = xyz.paradigm.centaur.tests; GENERATE_INFOPLIST_FILE = YES; TEST_TARGET_NAME = NanocodexInbox; CODE_SIGN_STYLE = Automatic; DEVELOPMENT_TEAM = C3Q4NN5ZQ8; SWIFT_OPTIMIZATION_LEVEL = "-O"; }; };
BECB265224D91761C05FDA33 = { isa = XCConfigurationList; buildConfigurations = (FCB48D8F88BCDB0ED9FADFD7, 942EEBBACD6C88CAE7F29B29); defaultConfigurationIsVisible = 0; defaultConfigurationName = Release; };
0E8A3AD980EC179856012B7E = { isa = PBXNativeTarget; buildConfigurationList = F37922C48DA5978D02C9E50E; buildPhases = (BCE16DD0260827ECF338C787, 7561BFB015D8F536760CB671, 0189424A5A60FED329FA868E, C0000000000000000000000C); buildRules = (); dependencies = (C00000000000000000000016, A71000000000000000000010); name = NanocodexInbox; productName = NanocodexInbox; productReference = 38A007151ABE87CC01A5B6E9; productType = "com.apple.product-type.application"; packageProductDependencies = (A99B00000000000000000002, AB0600000000000000010002, AB0500000000000000030002, CE1000000000000000000002, ACF1DE000000000000000002, D00000000000000000000002, C00000000000000000000002, E55A8CC6397119BC2F346606, A44444444444444444444444); };
D799BAE6088A90139B415FCC = { isa = PBXContainerItemProxy; containerPortal = 98F54143AB4E86B28C3AFEE0; proxyType = 1; remoteGlobalIDString = 0E8A3AD980EC179856012B7E; remoteInfo = NanocodexInbox; };
B6EBBA31D46E8F71AE1B6924 = { isa = PBXTargetDependency; target = 0E8A3AD980EC179856012B7E; targetProxy = D799BAE6088A90139B415FCC; };
0A06C5E2DA34E686D888A695 = { isa = PBXNativeTarget; buildConfigurationList = BECB265224D91761C05FDA33; buildPhases = (9F3002A5D69B22D357A58AA9, F0CA00000000000000000003); buildRules = (); dependencies = (B6EBBA31D46E8F71AE1B6924); name = NanocodexInboxUITests; productName = NanocodexInboxUITests; productReference = B7480EC88B7F22D0A4757273; productType = "com.apple.product-type.bundle.ui-testing"; };
98F54143AB4E86B28C3AFEE0 = { isa = PBXProject; attributes = { BuildIndependentTargetsInParallel = YES; LastUpgradeCheck = 1600; }; buildConfigurationList = 862894B703A6DEDF96A9DD6C; compatibilityVersion = "Xcode 14.0"; developmentRegion = en; knownRegions = (en, Base); mainGroup = B28B7AF69320201D1CF206EB; productRefGroup = FBDC4F23F93125BBEEAE800C; projectDirPath = ""; projectRoot = ""; targets = (A7100000000000000000000B, C00000000000000000000011, 0E8A3AD980EC179856012B7E, 0A06C5E2DA34E686D888A695); packageReferences = (A99B00000000000000000001, AB0600000000000000010001, AB0500000000000000030001, CE1000000000000000000001, ACF1DE000000000000000001, D00000000000000000000001, C00000000000000000000001, 582681C2EAE02B3F3D399C0C, A33333333333333333333333); };
}; rootObject = 98F54143AB4E86B28C3AFEE0; }
