// !$*UTF8*$!
{ archiveVersion = 1; classes = {}; objectVersion = 56; objects = {
ABCD03000000000000000001 = { isa = PBXFileReference; lastKnownFileType = sourcecode.swift; path = "Nanocodex/MeetingsView.swift"; sourceTree = SOURCE_ROOT; };
ABCD03000000000000000002 = { isa = PBXBuildFile; fileRef = ABCD03000000000000000001; };
A01061000000000000000001 = { isa = PBXFileReference; lastKnownFileType = sourcecode.swift; path = "Nanocodex/LaunchAtLogin.swift"; sourceTree = SOURCE_ROOT; };
A01061000000000000000002 = { isa = PBXBuildFile; fileRef = A01061000000000000000001; };
A01061000000000000000003 = { isa = PBXFileReference; lastKnownFileType = sourcecode.swift; path = "NanocodexTests/LaunchAtLoginTests.swift"; sourceTree = SOURCE_ROOT; };
A01061000000000000000004 = { isa = PBXBuildFile; fileRef = A01061000000000000000003; };
CE1000000000000000000001 = { isa = XCLocalSwiftPackageReference; relativePath = "../apple/NanocodexRemote"; };
CE1000000000000000000002 = { isa = XCSwiftPackageProductDependency; package = CE1000000000000000000001; productName = NanocodexRemote; };
CE1000000000000000000003 = { isa = PBXBuildFile; productRef = CE1000000000000000000002; };
		CE1000000000000000000004 = { isa = PBXShellScriptBuildPhase; alwaysOutOfDate = 1; buildActionMask = 2147483647; files = (); inputPaths = (); name = "Bundle Remote Hand Companion"; outputPaths = ("$(TARGET_BUILD_DIR)/$(CONTENTS_FOLDER_PATH)/Helpers/nanocodex-remote"); runOnlyForDeploymentPostprocessing = 0; shellPath = /bin/sh; shellScript = "set -eu\nexport PATH=\"/opt/homebrew/bin:/usr/local/bin:$PATH\"\nhelper=\"$TARGET_BUILD_DIR/$CONTENTS_FOLDER_PATH/Helpers/nanocodex-remote\"\nmkdir -p \"$(dirname \"$helper\")\"\ncd \"$SRCROOT/../hands/remote\"\nCGO_ENABLED=0 GOOS=darwin GOARCH=arm64 go build -trimpath -o \"$helper\" .\nif [ \"${CODE_SIGNING_ALLOWED:-YES}\" != \"NO\" ]; then\n  /usr/bin/codesign --force --sign \"${EXPANDED_CODE_SIGN_IDENTITY:--}\" --options runtime \"$helper\"\nfi\n"; };

A0BAC6000000000000000001 = { isa = PBXFileReference; lastKnownFileType = sourcecode.swift; path = "Nanocodex/BackgroundHands.swift"; sourceTree = SOURCE_ROOT; };
A0BAC6000000000000000002 = { isa = PBXBuildFile; fileRef = A0BAC6000000000000000001; };
ACF1DE000000000000000001 = { isa = XCLocalSwiftPackageReference; relativePath = ../apple/NanocodexUI; };
ACF1DE000000000000000002 = { isa = XCSwiftPackageProductDependency; package = ACF1DE000000000000000001; productName = NanocodexUI; };
ACF1DE000000000000000003 = { isa = PBXBuildFile; productRef = ACF1DE000000000000000002; };
        A011CE000000000000000004 = { isa = PBXFileReference; lastKnownFileType = sourcecode.swift; path = "NanocodexTests/VoiceTests.swift"; sourceTree = SOURCE_ROOT; };
        A011CE000000000000000005 = { isa = PBXBuildFile; fileRef = A011CE000000000000000004; };
        A011CE000000000000000001 = { isa = XCLocalSwiftPackageReference; relativePath = ../apple/NanocodexVoice; };
        A011CE000000000000000002 = { isa = XCSwiftPackageProductDependency; package = A011CE000000000000000001; productName = NanocodexVoice; };
        A011CE000000000000000003 = { isa = PBXBuildFile; productRef = A011CE000000000000000002; };
        A004B35510C64A21B4E4DD01 = { isa = PBXFileReference; lastKnownFileType = sourcecode.swift; path = "Nanocodex/WorkspaceView.swift"; sourceTree = SOURCE_ROOT; };
        A004B35510C64A21B4E4DD02 = { isa = PBXBuildFile; fileRef = A004B35510C64A21B4E4DD01; };
		22C8E048098F320EB2190E22 = { isa = PBXFileReference; lastKnownFileType = sourcecode.swift; path = "Nanocodex/AppModel.swift"; sourceTree = SOURCE_ROOT; };
		9E87F9A38B3B1EA417B5D6D8 = { isa = PBXBuildFile; fileRef = 22C8E048098F320EB2190E22; };
		FB192C422E5B52AFE47EC2AB = { isa = PBXFileReference; lastKnownFileType = sourcecode.swift; path = "Nanocodex/ChatView.swift"; sourceTree = SOURCE_ROOT; };
		472C5E03C2B3F58BEF512CF8 = { isa = PBXBuildFile; fileRef = FB192C422E5B52AFE47EC2AB; };
		054AE0D3F212F919C3972F1C = { isa = PBXFileReference; lastKnownFileType = sourcecode.swift; path = "Nanocodex/HandsView.swift"; sourceTree = SOURCE_ROOT; };
		F792D6C63EF83B62FCA5DBFE = { isa = PBXBuildFile; fileRef = 054AE0D3F212F919C3972F1C; };
		D6199D4EA00F91CAA94989D6 = { isa = PBXFileReference; lastKnownFileType = sourcecode.swift; path = "Nanocodex/Models.swift"; sourceTree = SOURCE_ROOT; };
		4D47994197FE47DEB4731870 = { isa = PBXBuildFile; fileRef = D6199D4EA00F91CAA94989D6; };
		73AFAED832804886C00693BC = { isa = PBXFileReference; lastKnownFileType = sourcecode.swift; path = "Nanocodex/NanocodexApp.swift"; sourceTree = SOURCE_ROOT; };
		09985664695CB19282F4E3B2 = { isa = PBXBuildFile; fileRef = 73AFAED832804886C00693BC; };
		6C8241D5A1B426F935538B63 = { isa = PBXFileReference; lastKnownFileType = sourcecode.swift; path = "Nanocodex/RuntimeClient.swift"; sourceTree = SOURCE_ROOT; };
		EC9EB7445297E8220C69A58A = { isa = PBXBuildFile; fileRef = 6C8241D5A1B426F935538B63; };
		C58E5E1C2722074C02C6A74A = { isa = PBXFileReference; lastKnownFileType = sourcecode.swift; path = "Nanocodex/SettingsView.swift"; sourceTree = SOURCE_ROOT; };
		E83A829AC9E2A5D131B450C4 = { isa = PBXBuildFile; fileRef = C58E5E1C2722074C02C6A74A; };
		5FB1257B3721EB44C779CB56 = { isa = PBXFileReference; lastKnownFileType = sourcecode.swift; path = "Nanocodex/TabsView.swift"; sourceTree = SOURCE_ROOT; };
		128C24ACD6D5A1BF6B55A02B = { isa = PBXBuildFile; fileRef = 5FB1257B3721EB44C779CB56; };
		B4288829196FCD47A2390179 = { isa = PBXFileReference; lastKnownFileType = sourcecode.swift; path = "NanocodexTests/ProtocolTests.swift"; sourceTree = SOURCE_ROOT; };
		4BB4178F62C10FADEDBAE368 = { isa = PBXBuildFile; fileRef = B4288829196FCD47A2390179; };
		30EB007A59C11EFAB8C21483 = { isa = PBXFileReference; lastKnownFileType = sourcecode.swift; path = "NanocodexUITests/NanocodexUITests.swift"; sourceTree = SOURCE_ROOT; };
		759D83A7A9FEEABA1A3D86CB = { isa = PBXBuildFile; fileRef = 30EB007A59C11EFAB8C21483; };
		554B93BBF84AC98DE25D01AE = { isa = PBXFileReference; lastKnownFileType = image.icns; path = "Resources/icon.icns"; sourceTree = SOURCE_ROOT; };
		8522ED1621213C3A1DF9DFAE = { isa = PBXBuildFile; fileRef = 554B93BBF84AC98DE25D01AE; };
		14202C171F624434B07319E6 = { isa = PBXFileReference; lastKnownFileType = image.png; path = "Resources/icon.png"; sourceTree = SOURCE_ROOT; };
		3E0683701355654544B91D5A = { isa = PBXBuildFile; fileRef = 14202C171F624434B07319E6; };
		AED3774D444F2572CC4D83E1 = { isa = PBXFileReference; explicitFileType = wrapper.application; includeInIndex = 0; path = Nanocodex.app; sourceTree = BUILT_PRODUCTS_DIR; };
		3F38E83F6C13D05F1B69840B = { isa = PBXFileReference; explicitFileType = wrapper.cfbundle; includeInIndex = 0; path = NanocodexTests.xctest; sourceTree = BUILT_PRODUCTS_DIR; };
		128EA3E796CB13BC5A8CEAB2 = { isa = PBXFileReference; explicitFileType = wrapper.cfbundle; includeInIndex = 0; path = NanocodexUITests.xctest; sourceTree = BUILT_PRODUCTS_DIR; };
		64292B1C2B2E13EAD8788FC8 = { isa = PBXGroup; children = (ABCD03000000000000000001,A01061000000000000000001, A01061000000000000000003, A0BAC6000000000000000001, A011CE000000000000000004, A004B35510C64A21B4E4DD01, 22C8E048098F320EB2190E22, FB192C422E5B52AFE47EC2AB, 054AE0D3F212F919C3972F1C, D6199D4EA00F91CAA94989D6, 73AFAED832804886C00693BC, 6C8241D5A1B426F935538B63, C58E5E1C2722074C02C6A74A, 5FB1257B3721EB44C779CB56, B4288829196FCD47A2390179, 30EB007A59C11EFAB8C21483, 554B93BBF84AC98DE25D01AE, 14202C171F624434B07319E6, FBDC4F23F93125BBEEAE800C); sourceTree = "<group>"; };
		FBDC4F23F93125BBEEAE800C = { isa = PBXGroup; children = (AED3774D444F2572CC4D83E1, 3F38E83F6C13D05F1B69840B, 128EA3E796CB13BC5A8CEAB2); name = Products; sourceTree = "<group>"; };
		367E7FD8793C2221DE7570FD = { isa = PBXSourcesBuildPhase; buildActionMask = 2147483647; files = (ABCD03000000000000000002, A01061000000000000000002, A0BAC6000000000000000002, A004B35510C64A21B4E4DD02, 9E87F9A38B3B1EA417B5D6D8, 472C5E03C2B3F58BEF512CF8, F792D6C63EF83B62FCA5DBFE, 4D47994197FE47DEB4731870, 09985664695CB19282F4E3B2, EC9EB7445297E8220C69A58A, E83A829AC9E2A5D131B450C4, 128C24ACD6D5A1BF6B55A02B); runOnlyForDeploymentPostprocessing = 0; };
		64ECD46E0495725FFEC41141 = { isa = PBXFrameworksBuildPhase; buildActionMask = 2147483647; files = (CE1000000000000000000003, A011CE000000000000000003, ACF1DE000000000000000003); runOnlyForDeploymentPostprocessing = 0; };
		96714007251FEAB6DEFB0220 = { isa = PBXResourcesBuildPhase; buildActionMask = 2147483647; files = (8522ED1621213C3A1DF9DFAE, 3E0683701355654544B91D5A); runOnlyForDeploymentPostprocessing = 0; };
		E9A5A794C3EE7F6E1D88CF7F = { isa = PBXNativeTarget; buildConfigurationList = C5B0FDE45EAC101DE7583E7A; buildPhases = (CE1000000000000000000004, 367E7FD8793C2221DE7570FD, 64ECD46E0495725FFEC41141, 96714007251FEAB6DEFB0220, F2E18FFC17E2595362B5468A); buildRules = (); dependencies = (); packageProductDependencies = (CE1000000000000000000002, A011CE000000000000000002, ACF1DE000000000000000002); name = Nanocodex; productName = Nanocodex; productReference = AED3774D444F2572CC4D83E1; productType = "com.apple.product-type.application"; };
		B8FD42E5A5A318978132B3CC = { isa = PBXSourcesBuildPhase; buildActionMask = 2147483647; files = (A01061000000000000000004, A011CE000000000000000005, 4BB4178F62C10FADEDBAE368); runOnlyForDeploymentPostprocessing = 0; };
		4B42CD2E27527CCC2997D4E9 = { isa = PBXFrameworksBuildPhase; buildActionMask = 2147483647; files = (); runOnlyForDeploymentPostprocessing = 0; };
		4DCC0F2612107155E12102F5 = { isa = PBXResourcesBuildPhase; buildActionMask = 2147483647; files = (); runOnlyForDeploymentPostprocessing = 0; };
		C018806CF9A83356921B5B62 = { isa = PBXNativeTarget; buildConfigurationList = 4605E1535244EE0E89175B04; buildPhases = (B8FD42E5A5A318978132B3CC, 4B42CD2E27527CCC2997D4E9, 4DCC0F2612107155E12102F5); buildRules = (); dependencies = (7A744D5C9BAD0C584A03AE76); name = NanocodexTests; productName = NanocodexTests; productReference = 3F38E83F6C13D05F1B69840B; productType = "com.apple.product-type.bundle.unit-test"; };
		CBCCA2E8B715C75AC1665A56 = { isa = PBXContainerItemProxy; containerPortal = 98F54143AB4E86B28C3AFEE0; proxyType = 1; remoteGlobalIDString = E9A5A794C3EE7F6E1D88CF7F; remoteInfo = Nanocodex; };
		7A744D5C9BAD0C584A03AE76 = { isa = PBXTargetDependency; target = E9A5A794C3EE7F6E1D88CF7F; targetProxy = CBCCA2E8B715C75AC1665A56; };
		306FB36A65B0CB4F2CE8945C = { isa = PBXSourcesBuildPhase; buildActionMask = 2147483647; files = (759D83A7A9FEEABA1A3D86CB); runOnlyForDeploymentPostprocessing = 0; };
		C0CE8BBCBAE600B62C418F49 = { isa = PBXFrameworksBuildPhase; buildActionMask = 2147483647; files = (); runOnlyForDeploymentPostprocessing = 0; };
		E4A012CB7A9640061D5C770B = { isa = PBXResourcesBuildPhase; buildActionMask = 2147483647; files = (); runOnlyForDeploymentPostprocessing = 0; };
		741BCF4234E7F4EF567A4C67 = { isa = PBXNativeTarget; buildConfigurationList = 28091EE869C424A7A3FEA344; buildPhases = (306FB36A65B0CB4F2CE8945C, C0CE8BBCBAE600B62C418F49, E4A012CB7A9640061D5C770B); buildRules = (); dependencies = (66DFB0D322AEC58E6A166055); name = NanocodexUITests; productName = NanocodexUITests; productReference = 128EA3E796CB13BC5A8CEAB2; productType = "com.apple.product-type.bundle.ui-testing"; };
		4DD5B7A7985BDFC3BABBD9EE = { isa = PBXContainerItemProxy; containerPortal = 98F54143AB4E86B28C3AFEE0; proxyType = 1; remoteGlobalIDString = E9A5A794C3EE7F6E1D88CF7F; remoteInfo = Nanocodex; };
		66DFB0D322AEC58E6A166055 = { isa = PBXTargetDependency; target = E9A5A794C3EE7F6E1D88CF7F; targetProxy = 4DD5B7A7985BDFC3BABBD9EE; };
		F2E18FFC17E2595362B5468A = { isa = PBXShellScriptBuildPhase; alwaysOutOfDate = 1; buildActionMask = 2147483647; files = (); inputPaths = (); name = "Bundle Managed Runtime"; outputPaths = ("$(TARGET_BUILD_DIR)/$(UNLOCALIZED_RESOURCES_FOLDER_PATH)/runtime"); runOnlyForDeploymentPostprocessing = 0; shellPath = /bin/sh; shellScript = "set -eu\nruntime=\"$TARGET_BUILD_DIR/$UNLOCALIZED_RESOURCES_FOLDER_PATH/runtime\"\nrm -rf \"$runtime\"\nmkdir -p \"$runtime\"\nditto \"$SRCROOT/../js/desktop-runtime/dist\" \"$runtime\"\ncp \"$SRCROOT/Resources/runtime/node\" \"$runtime/node\"\ncp \"$SRCROOT/Resources/runtime/NODE-LICENSE.txt\" \"$runtime/NODE-LICENSE.txt\"\nchmod 755 \"$runtime/node\"\nhand=\"${NANOCODEX_DEVICE_HAND_BINARY:-$SRCROOT/../target/release/nanocodex2}\"\ninstaller=\"${NANOCODEX_HAND_INSTALLER_BINARY:-$(dirname \"$hand\")/nanocodex}\"\n# Require the exact companion before producing an app that cannot enroll.\ntest -x \"$hand\"\ntest -x \"$installer\"\n\"$installer\" hand install --help | grep -q -- --prepare\ncp \"$hand\" \"$runtime/nanocodex2\"\ncp \"$installer\" \"$runtime/nanocodex\"\nchmod 755 \"$runtime/nanocodex2\" \"$runtime/nanocodex\"\nif [ \"${CODE_SIGNING_ALLOWED:-YES}\" != \"NO\" ]; then\n  /usr/bin/codesign --force --sign \"${EXPANDED_CODE_SIGN_IDENTITY:--}\" --entitlements \"$SRCROOT/../nanocodex-vm.entitlements\" \"$runtime/nanocodex2\"\n  /usr/bin/codesign --force --sign \"${EXPANDED_CODE_SIGN_IDENTITY:--}\" --options runtime \"$runtime/nanocodex\"\nfi\n"; };
		262E02E3C63E2FBADCBCB6A2 = { isa = XCBuildConfiguration; buildSettings = {SDKROOT = "macosx"; ARCHS = "arm64"; MACOSX_DEPLOYMENT_TARGET = "14.0"; SWIFT_VERSION = "5.0"; CLANG_ENABLE_MODULES = "YES"; ENABLE_USER_SCRIPT_SANDBOXING = "NO"; SWIFT_STRICT_CONCURRENCY = "minimal"; SWIFT_OPTIMIZATION_LEVEL = "-Onone"; DEBUG_INFORMATION_FORMAT = "dwarf"; ENABLE_TESTABILITY = "YES"; SWIFT_ACTIVE_COMPILATION_CONDITIONS = "DEBUG";}; name = Debug; };
		86E0D76135EE80816AB07AC0 = { isa = XCBuildConfiguration; buildSettings = {SDKROOT = "macosx"; ARCHS = "arm64"; MACOSX_DEPLOYMENT_TARGET = "14.0"; SWIFT_VERSION = "5.0"; CLANG_ENABLE_MODULES = "YES"; ENABLE_USER_SCRIPT_SANDBOXING = "NO"; SWIFT_STRICT_CONCURRENCY = "minimal"; SWIFT_OPTIMIZATION_LEVEL = "-O"; DEBUG_INFORMATION_FORMAT = "dwarf-with-dsym"; ENABLE_TESTABILITY = "NO"; SWIFT_ACTIVE_COMPILATION_CONDITIONS = "";}; name = Release; };
		247BF104A9AD002C539DA531 = { isa = XCConfigurationList; buildConfigurations = (262E02E3C63E2FBADCBCB6A2, 86E0D76135EE80816AB07AC0); defaultConfigurationIsVisible = 0; defaultConfigurationName = Release; };
		7BAF3A03B28169AF1D9D69F7 = { isa = XCBuildConfiguration; buildSettings = {SDKROOT = "macosx"; ARCHS = "arm64"; MACOSX_DEPLOYMENT_TARGET = "14.0"; SWIFT_VERSION = "5.0"; CLANG_ENABLE_MODULES = "YES"; ENABLE_USER_SCRIPT_SANDBOXING = "NO"; SWIFT_STRICT_CONCURRENCY = "minimal"; PRODUCT_NAME = "$(TARGET_NAME)"; PRODUCT_BUNDLE_IDENTIFIER = "xyz.paradigm.nanocodex.macos"; CODE_SIGN_IDENTITY = "-"; CODE_SIGN_STYLE = "Manual"; CURRENT_PROJECT_VERSION = "1"; MARKETING_VERSION = "0.1.0"; COMBINE_HIDPI_IMAGES = "YES"; LD_RUNPATH_SEARCH_PATHS = "$(inherited) @executable_path/../Frameworks"; ENABLE_HARDENED_RUNTIME = "YES"; ENABLE_APP_SANDBOX = "NO"; CODE_SIGN_ENTITLEMENTS = "Nanocodex/Voice.entitlements"; INFOPLIST_FILE = "Nanocodex/Info.plist";}; name = Debug; };
		66EE166C9F83CE9462242142 = { isa = XCBuildConfiguration; buildSettings = {SDKROOT = "macosx"; ARCHS = "arm64"; MACOSX_DEPLOYMENT_TARGET = "14.0"; SWIFT_VERSION = "5.0"; CLANG_ENABLE_MODULES = "YES"; ENABLE_USER_SCRIPT_SANDBOXING = "NO"; SWIFT_STRICT_CONCURRENCY = "minimal"; PRODUCT_NAME = "$(TARGET_NAME)"; PRODUCT_BUNDLE_IDENTIFIER = "xyz.paradigm.nanocodex.macos"; CODE_SIGN_IDENTITY = "-"; CODE_SIGN_STYLE = "Manual"; CURRENT_PROJECT_VERSION = "1"; MARKETING_VERSION = "0.1.0"; COMBINE_HIDPI_IMAGES = "YES"; LD_RUNPATH_SEARCH_PATHS = "$(inherited) @executable_path/../Frameworks"; ENABLE_HARDENED_RUNTIME = "YES"; ENABLE_APP_SANDBOX = "NO"; CODE_SIGN_ENTITLEMENTS = "Nanocodex/Voice.entitlements"; INFOPLIST_FILE = "Nanocodex/Info.plist";}; name = Release; };
		C5B0FDE45EAC101DE7583E7A = { isa = XCConfigurationList; buildConfigurations = (7BAF3A03B28169AF1D9D69F7, 66EE166C9F83CE9462242142); defaultConfigurationIsVisible = 0; defaultConfigurationName = Release; };
		E772D74410552961F03A8200 = { isa = XCBuildConfiguration; buildSettings = {SDKROOT = "macosx"; ARCHS = "arm64"; MACOSX_DEPLOYMENT_TARGET = "14.0"; SWIFT_VERSION = "5.0"; CLANG_ENABLE_MODULES = "YES"; ENABLE_USER_SCRIPT_SANDBOXING = "NO"; SWIFT_STRICT_CONCURRENCY = "minimal"; PRODUCT_NAME = "$(TARGET_NAME)"; PRODUCT_BUNDLE_IDENTIFIER = "xyz.paradigm.nanocodex.macos.NanocodexTests"; CODE_SIGN_IDENTITY = "-"; CODE_SIGN_STYLE = "Manual"; CURRENT_PROJECT_VERSION = "1"; MARKETING_VERSION = "0.1.0"; COMBINE_HIDPI_IMAGES = "YES"; LD_RUNPATH_SEARCH_PATHS = "$(inherited) @executable_path/../Frameworks"; ENABLE_HARDENED_RUNTIME = "YES"; ENABLE_APP_SANDBOX = "NO"; GENERATE_INFOPLIST_FILE = "YES"; TEST_HOST = "$(BUILT_PRODUCTS_DIR)/Nanocodex.app/Contents/MacOS/Nanocodex"; BUNDLE_LOADER = "$(TEST_HOST)";}; name = Debug; };
		459AB351CC72F5CE04C8F7BC = { isa = XCBuildConfiguration; buildSettings = {SDKROOT = "macosx"; ARCHS = "arm64"; MACOSX_DEPLOYMENT_TARGET = "14.0"; SWIFT_VERSION = "5.0"; CLANG_ENABLE_MODULES = "YES"; ENABLE_USER_SCRIPT_SANDBOXING = "NO"; SWIFT_STRICT_CONCURRENCY = "minimal"; PRODUCT_NAME = "$(TARGET_NAME)"; PRODUCT_BUNDLE_IDENTIFIER = "xyz.paradigm.nanocodex.macos.NanocodexTests"; CODE_SIGN_IDENTITY = "-"; CODE_SIGN_STYLE = "Manual"; CURRENT_PROJECT_VERSION = "1"; MARKETING_VERSION = "0.1.0"; COMBINE_HIDPI_IMAGES = "YES"; LD_RUNPATH_SEARCH_PATHS = "$(inherited) @executable_path/../Frameworks"; ENABLE_HARDENED_RUNTIME = "YES"; ENABLE_APP_SANDBOX = "NO"; GENERATE_INFOPLIST_FILE = "YES"; TEST_HOST = "$(BUILT_PRODUCTS_DIR)/Nanocodex.app/Contents/MacOS/Nanocodex"; BUNDLE_LOADER = "$(TEST_HOST)";}; name = Release; };
		4605E1535244EE0E89175B04 = { isa = XCConfigurationList; buildConfigurations = (E772D74410552961F03A8200, 459AB351CC72F5CE04C8F7BC); defaultConfigurationIsVisible = 0; defaultConfigurationName = Release; };
		027BE7383ABA3CEDDE6EB859 = { isa = XCBuildConfiguration; buildSettings = {SDKROOT = "macosx"; ARCHS = "arm64"; MACOSX_DEPLOYMENT_TARGET = "14.0"; SWIFT_VERSION = "5.0"; CLANG_ENABLE_MODULES = "YES"; ENABLE_USER_SCRIPT_SANDBOXING = "NO"; SWIFT_STRICT_CONCURRENCY = "minimal"; PRODUCT_NAME = "$(TARGET_NAME)"; PRODUCT_BUNDLE_IDENTIFIER = "xyz.paradigm.nanocodex.macos.NanocodexUITests"; CODE_SIGN_IDENTITY = "-"; CODE_SIGN_STYLE = "Manual"; CURRENT_PROJECT_VERSION = "1"; MARKETING_VERSION = "0.1.0"; COMBINE_HIDPI_IMAGES = "YES"; LD_RUNPATH_SEARCH_PATHS = "$(inherited) @executable_path/../Frameworks"; ENABLE_HARDENED_RUNTIME = "YES"; ENABLE_APP_SANDBOX = "NO"; GENERATE_INFOPLIST_FILE = "YES"; TEST_TARGET_NAME = "Nanocodex";}; name = Debug; };
		2451D0818D37A7E32311BFCC = { isa = XCBuildConfiguration; buildSettings = {SDKROOT = "macosx"; ARCHS = "arm64"; MACOSX_DEPLOYMENT_TARGET = "14.0"; SWIFT_VERSION = "5.0"; CLANG_ENABLE_MODULES = "YES"; ENABLE_USER_SCRIPT_SANDBOXING = "NO"; SWIFT_STRICT_CONCURRENCY = "minimal"; PRODUCT_NAME = "$(TARGET_NAME)"; PRODUCT_BUNDLE_IDENTIFIER = "xyz.paradigm.nanocodex.macos.NanocodexUITests"; CODE_SIGN_IDENTITY = "-"; CODE_SIGN_STYLE = "Manual"; CURRENT_PROJECT_VERSION = "1"; MARKETING_VERSION = "0.1.0"; COMBINE_HIDPI_IMAGES = "YES"; LD_RUNPATH_SEARCH_PATHS = "$(inherited) @executable_path/../Frameworks"; ENABLE_HARDENED_RUNTIME = "YES"; ENABLE_APP_SANDBOX = "NO"; GENERATE_INFOPLIST_FILE = "YES"; TEST_TARGET_NAME = "Nanocodex";}; name = Release; };
		28091EE869C424A7A3FEA344 = { isa = XCConfigurationList; buildConfigurations = (027BE7383ABA3CEDDE6EB859, 2451D0818D37A7E32311BFCC); defaultConfigurationIsVisible = 0; defaultConfigurationName = Release; };
		98F54143AB4E86B28C3AFEE0 = { isa = PBXProject; attributes = { BuildIndependentTargetsInParallel = YES; LastSwiftUpdateCheck = 2660; LastUpgradeCheck = 2660; }; buildConfigurationList = 247BF104A9AD002C539DA531; compatibilityVersion = "Xcode 14.0"; developmentRegion = en; hasScannedForEncodings = 0; knownRegions = (en, Base); mainGroup = 64292B1C2B2E13EAD8788FC8; productRefGroup = FBDC4F23F93125BBEEAE800C; projectDirPath = ""; projectRoot = ""; packageReferences = (CE1000000000000000000001, ACF1DE000000000000000001, A011CE000000000000000001); targets = (E9A5A794C3EE7F6E1D88CF7F, C018806CF9A83356921B5B62, 741BCF4234E7F4EF567A4C67); };
}; rootObject = 98F54143AB4E86B28C3AFEE0; }
